// !$*UTF8*$!
{
	archiveVersion = 1;
	classes = {
	};
	objectVersion = 50;
	objects = {

/* Begin PBXBuildFile section */
		606241DE25A293EE00E0B7C7 /* main.swift in Sources */ = {isa = PBXBuildFile; fileRef = 606241DD25A293EE00E0B7C7 /* main.swift */; };
		606241E725A2947100E0B7C7 /* BitonicSort.swift in Sources */ = {isa = PBXBuildFile; fileRef = 60A17B5225A22B21005EB670 /* BitonicSort.swift */; };
		606241E825A2947100E0B7C7 /* Kernels.metal in Sources */ = {isa = PBXBuildFile; fileRef = 60A17B5325A22B21005EB670 /* Kernels.metal */; };
		606241EC25A294E500E0B7C7 /* Utils.swift in Sources */ = {isa = PBXBuildFile; fileRef = 606241EB25A294E500E0B7C7 /* Utils.swift */; };
		606241ED25A294E500E0B7C7 /* Utils.swift in Sources */ = {isa = PBXBuildFile; fileRef = 606241EB25A294E500E0B7C7 /* Utils.swift */; };
		60A17B3E25A22AF8005EB670 /* AppDelegate.swift in Sources */ = {isa = PBXBuildFile; fileRef = 60A17B3D25A22AF8005EB670 /* AppDelegate.swift */; };
		60A17B4025A22AF8005EB670 /* SceneDelegate.swift in Sources */ = {isa = PBXBuildFile; fileRef = 60A17B3F25A22AF8005EB670 /* SceneDelegate.swift */; };
		60A17B4225A22AF8005EB670 /* ViewController.swift in Sources */ = {isa = PBXBuildFile; fileRef = 60A17B4125A22AF8005EB670 /* ViewController.swift */; };
		60A17B4525A22AF8005EB670 /* Main.storyboard in Resources */ = {isa = PBXBuildFile; fileRef = 60A17B4325A22AF8005EB670 /* Main.storyboard */; };
		60A17B4725A22AF9005EB670 /* Assets.xcassets in Resources */ = {isa = PBXBuildFile; fileRef = 60A17B4625A22AF9005EB670 /* Assets.xcassets */; };
		60A17B4A25A22AF9005EB670 /* LaunchScreen.storyboard in Resources */ = {isa = PBXBuildFile; fileRef = 60A17B4825A22AF9005EB670 /* LaunchScreen.storyboard */; };
		60A17B5425A22B21005EB670 /* BitonicSort.swift in Sources */ = {isa = PBXBuildFile; fileRef = 60A17B5225A22B21005EB670 /* BitonicSort.swift */; };
		60A17B5525A22B21005EB670 /* Kernels.metal in Sources */ = {isa = PBXBuildFile; fileRef = 60A17B5325A22B21005EB670 /* Kernels.metal */; };
/* End PBXBuildFile section */

/* Begin PBXCopyFilesBuildPhase section */
		606241D925A293EE00E0B7C7 /* CopyFiles */ = {
			isa = PBXCopyFilesBuildPhase;
			buildActionMask = 2147483647;
			dstPath = /usr/share/man/man1/;
			dstSubfolderSpec = 0;
			files = (
			);
			runOnlyForDeploymentPostprocessing = 1;
		};
/* End PBXCopyFilesBuildPhase section */

/* Begin PBXFileReference section */
		606241DB25A293EE00E0B7C7 /* BitonicSortWithMetalOnMac */ = {isa = PBXFileReference; explicitFileType = "compiled.mach-o.executable"; includeInIndex = 0; path = BitonicSortWithMetalOnMac; sourceTree = BUILT_PRODUCTS_DIR; };
		606241DD25A293EE00E0B7C7 /* main.swift */ = {isa = PBXFileReference; lastKnownFileType = sourcecode.swift; path = main.swift; sourceTree = "<group>"; };
		606241EB25A294E500E0B7C7 /* Utils.swift */ = {isa = PBXFileReference; lastKnownFileType = sourcecode.swift; path = Utils.swift; sourceTree = "<group>"; };
		60A17B3A25A22AF8005EB670 /* BitonicSortWithMetal.app */ = {isa = PBXFileReference; explicitFileType = wrapper.application; includeInIndex = 0; path = BitonicSortWithMetal.app; sourceTree = BUILT_PRODUCTS_DIR; };
		60A17B3D25A22AF8005EB670 /* AppDelegate.swift */ = {isa = PBXFileReference; lastKnownFileType = sourcecode.swift; path = AppDelegate.swift; sourceTree = "<group>"; };
		60A17B3F25A22AF8005EB670 /* SceneDelegate.swift */ = {isa = PBXFileReference; lastKnownFileType = sourcecode.swift; path = SceneDelegate.swift; sourceTree = "<group>"; };
		60A17B4125A22AF8005EB670 /* ViewController.swift */ = {isa = PBXFileReference; lastKnownFileType = sourcecode.swift; path = ViewController.swift; sourceTree = "<group>"; };
		60A17B4425A22AF8005EB670 /* Base */ = {isa = PBXFileReference; lastKnownFileType = file.storyboard; name = Base; path = Base.lproj/Main.storyboard; sourceTree = "<group>"; };
		60A17B4625A22AF9005EB670 /* Assets.xcassets */ = {isa = PBXFileReference; lastKnownFileType = folder.assetcatalog; path = Assets.xcassets; sourceTree = "<group>"; };
		60A17B4925A22AF9005EB670 /* Base */ = {isa = PBXFileReference; lastKnownFileType = file.storyboard; name = Base; path = Base.lproj/LaunchScreen.storyboard; sourceTree = "<group>"; };
		60A17B4B25A22AF9005EB670 /* Info.plist */ = {isa = PBXFileReference; lastKnownFileType = text.plist.xml; path = Info.plist; sourceTree = "<group>"; };
		60A17B5225A22B21005EB670 /* BitonicSort.swift */ = {isa = PBXFileReference; fileEncoding = 4; lastKnownFileType = sourcecode.swift; path = BitonicSort.swift; sourceTree = "<group>"; };
		60A17B5325A22B21005EB670 /* Kernels.metal */ = {isa = PBXFileReference; fileEncoding = 4; lastKnownFileType = sourcecode.metal; path = Kernels.metal; sourceTree = "<group>"; };
/* End PBXFileReference section */

/* Begin PBXFrameworksBuildPhase section */
		606241D825A293EE00E0B7C7 /* Frameworks */ = {
			isa = PBXFrameworksBuildPhase;
			buildActionMask = 2147483647;
			files = (
			);
			runOnlyForDeploymentPostprocessing = 0;
		};
		60A17B3725A22AF8005EB670 /* Frameworks */ = {
			isa = PBXFrameworksBuildPhase;
			buildActionMask = 2147483647;
			files = (
			);
			runOnlyForDeploymentPostprocessing = 0;
		};
/* End PBXFrameworksBuildPhase section */

/* Begin PBXGroup section */
		606241DC25A293EE00E0B7C7 /* BitonicSortWithMetalOnMac */ = {
			isa = PBXGroup;
			children = (
				606241DD25A293EE00E0B7C7 /* main.swift */,
			);
			path = BitonicSortWithMetalOnMac;
			sourceTree = "<group>";
		};
		606241E425A2941000E0B7C7 /* Sources */ = {
			isa = PBXGroup;
			children = (
				60A17B5225A22B21005EB670 /* BitonicSort.swift */,
				60A17B5325A22B21005EB670 /* Kernels.metal */,
				606241EB25A294E500E0B7C7 /* Utils.swift */,
			);
			path = Sources;
			sourceTree = "<group>";
		};
		60A17B3125A22AF8005EB670 = {
			isa = PBXGroup;
			children = (
				606241E425A2941000E0B7C7 /* Sources */,
				60A17B3C25A22AF8005EB670 /* BitonicSortWithMetal */,
				606241DC25A293EE00E0B7C7 /* BitonicSortWithMetalOnMac */,
				60A17B3B25A22AF8005EB670 /* Products */,
			);
			sourceTree = "<group>";
		};
		60A17B3B25A22AF8005EB670 /* Products */ = {
			isa = PBXGroup;
			children = (
				60A17B3A25A22AF8005EB670 /* BitonicSortWithMetal.app */,
				606241DB25A293EE00E0B7C7 /* BitonicSortWithMetalOnMac */,
			);
			name = Products;
			sourceTree = "<group>";
		};
		60A17B3C25A22AF8005EB670 /* BitonicSortWithMetal */ = {
			isa = PBXGroup;
			children = (
				60A17B3D25A22AF8005EB670 /* AppDelegate.swift */,
				60A17B3F25A22AF8005EB670 /* SceneDelegate.swift */,
				60A17B4125A22AF8005EB670 /* ViewController.swift */,
				60A17B4325A22AF8005EB670 /* Main.storyboard */,
				60A17B4625A22AF9005EB670 /* Assets.xcassets */,
				60A17B4825A22AF9005EB670 /* LaunchScreen.storyboard */,
				60A17B4B25A22AF9005EB670 /* Info.plist */,
			);
			path = BitonicSortWithMetal;
			sourceTree = "<group>";
		};
/* End PBXGroup section */

/* Begin PBXNativeTarget section */
		606241DA25A293EE00E0B7C7 /* BitonicSortWithMetalOnMac */ = {
			isa = PBXNativeTarget;
			buildConfigurationList = 606241E125A293EE00E0B7C7 /* Build configuration list for PBXNativeTarget "BitonicSortWithMetalOnMac" */;
			buildPhases = (
				606241D725A293EE00E0B7C7 /* Sources */,
				606241D825A293EE00E0B7C7 /* Frameworks */,
				606241D925A293EE00E0B7C7 /* CopyFiles */,
			);
			buildRules = (
			);
			dependencies = (
			);
			name = BitonicSortWithMetalOnMac;
			productName = BitonicSortWithMetalOnMac;
			productReference = 606241DB25A293EE00E0B7C7 /* BitonicSortWithMetalOnMac */;
			productType = "com.apple.product-type.tool";
		};
		60A17B3925A22AF8005EB670 /* BitonicSortWithMetal */ = {
			isa = PBXNativeTarget;
			buildConfigurationList = 60A17B4E25A22AF9005EB670 /* Build configuration list for PBXNativeTarget "BitonicSortWithMetal" */;
			buildPhases = (
				60A17B3625A22AF8005EB670 /* Sources */,
				60A17B3725A22AF8005EB670 /* Frameworks */,
				60A17B3825A22AF8005EB670 /* Resources */,
			);
			buildRules = (
			);
			dependencies = (
			);
			name = BitonicSortWithMetal;
			productName = BitonicSortWithMetal;
			productReference = 60A17B3A25A22AF8005EB670 /* BitonicSortWithMetal.app */;
			productType = "com.apple.product-type.application";
		};
/* End PBXNativeTarget section */

/* Begin PBXProject section */
		60A17B3225A22AF8005EB670 /* Project object */ = {
			isa = PBXProject;
			attributes = {
				LastSwiftUpdateCheck = 1230;
				LastUpgradeCheck = 1230;
				TargetAttributes = {
					606241DA25A293EE00E0B7C7 = {
						CreatedOnToolsVersion = 12.3;
					};
					60A17B3925A22AF8005EB670 = {
						CreatedOnToolsVersion = 12.3;
					};
				};
			};
			buildConfigurationList = 60A17B3525A22AF8005EB670 /* Build configuration list for PBXProject "BitonicSortWithMetal" */;
			compatibilityVersion = "Xcode 9.3";
			developmentRegion = en;
			hasScannedForEncodings = 0;
			knownRegions = (
				en,
				Base,
			);
			mainGroup = 60A17B3125A22AF8005EB670;
			productRefGroup = 60A17B3B25A22AF8005EB670 /* Products */;
			projectDirPath = "";
			projectRoot = "";
			targets = (
				60A17B3925A22AF8005EB670 /* BitonicSortWithMetal */,
				606241DA25A293EE00E0B7C7 /* BitonicSortWithMetalOnMac */,
			);
		};
/* End PBXProject section */

/* Begin PBXResourcesBuildPhase section */
		60A17B3825A22AF8005EB670 /* Resources */ = {
			isa = PBXResourcesBuildPhase;
			buildActionMask = 2147483647;
			files = (
				60A17B4A25A22AF9005EB670 /* LaunchScreen.storyboard in Resources */,
				60A17B4725A22AF9005EB670 /* Assets.xcassets in Resources */,
				60A17B4525A22AF8005EB670 /* Main.storyboard in Resources */,
			);
			runOnlyForDeploymentPostprocessing = 0;
		};
/* End PBXResourcesBuildPhase section */

/* Begin PBXSourcesBuildPhase section */
		606241D725A293EE00E0B7C7 /* Sources */ = {
			isa = PBXSourcesBuildPhase;
			buildActionMask = 2147483647;
			files = (
				606241E725A2947100E0B7C7 /* BitonicSort.swift in Sources */,
				606241E825A2947100E0B7C7 /* Kernels.metal in Sources */,
				606241DE25A293EE00E0B7C7 /* main.swift in Sources */,
				606241ED25A294E500E0B7C7 /* Utils.swift in Sources */,
			);
			runOnlyForDeploymentPostprocessing = 0;
		};
		60A17B3625A22AF8005EB670 /* Sources */ = {
			isa = PBXSourcesBuildPhase;
			buildActionMask = 2147483647;
			files = (
				60A17B5425A22B21005EB670 /* BitonicSort.swift in Sources */,
				60A17B4225A22AF8005EB670 /* ViewController.swift in Sources */,
				60A17B3E25A22AF8005EB670 /* AppDelegate.swift in Sources */,
				60A17B5525A22B21005EB670 /* Kernels.metal in Sources */,
				60A17B4025A22AF8005EB670 /* SceneDelegate.swift in Sources */,
				606241EC25A294E500E0B7C7 /* Utils.swift in Sources */,
			);
			runOnlyForDeploymentPostprocessing = 0;
		};
/* End PBXSourcesBuildPhase section */

/* Begin PBXVariantGroup section */
		60A17B4325A22AF8005EB670 /* Main.storyboard */ = {
			isa = PBXVariantGroup;
			children = (
				60A17B4425A22AF8005EB670 /* Base */,
			);
			name = Main.storyboard;
			sourceTree = "<group>";
		};
		60A17B4825A22AF9005EB670 /* LaunchScreen.storyboard */ = {
			isa = PBXVariantGroup;
			children = (
				60A17B4925A22AF9005EB670 /* Base */,
			);
			name = LaunchScreen.storyboard;
			sourceTree = "<group>";
		};
/* End PBXVariantGroup section */

/* Begin XCBuildConfiguration section */
		606241DF25A293EE00E0B7C7 /* Debug */ = {
			isa = XCBuildConfiguration;
			buildSettings = {
				CODE_SIGN_STYLE = Automatic;
				DEVELOPMENT_TEAM = W7QXB9ZV96;
				ENABLE_HARDENED_RUNTIME = YES;
				MACOSX_DEPLOYMENT_TARGET = 10.15;
				PRODUCT_NAME = "$(TARGET_NAME)";
				SDKROOT = macosx;
				SWIFT_VERSION = 5.0;
			};
			name = Debug;
		};
		606241E025A293EE00E0B7C7 /* Release */ = {
			isa = XCBuildConfiguration;
			buildSettings = {
				CODE_SIGN_STYLE = Automatic;
				DEVELOPMENT_TEAM = W7QXB9ZV96;
				ENABLE_HARDENED_RUNTIME = YES;
				MACOSX_DEPLOYMENT_TARGET = 10.15;
				PRODUCT_NAME = "$(TARGET_NAME)";
				SDKROOT = macosx;
				SWIFT_VERSION = 5.0;
			};
			name = Release;
		};
		60A17B4C25A22AF9005EB670 /* Debug */ = {
			isa = XCBuildConfiguration;
			buildSettings = {
				ALWAYS_SEARCH_USER_PATHS = NO;
				CLANG_ANALYZER_NONNULL = YES;
				CLANG_ANALYZER_NUMBER_OBJECT_CONVERSION = YES_AGGRESSIVE;
				CLANG_CXX_LANGUAGE_STANDARD = "gnu++14";
				CLANG_CXX_LIBRARY = "libc++";
				CLANG_ENABLE_MODULES = YES;
				CLANG_ENABLE_OBJC_ARC = YES;
				CLANG_ENABLE_OBJC_WEAK = YES;
				CLANG_WARN_BLOCK_CAPTURE_AUTORELEASING = YES;
				CLANG_WARN_BOOL_CONVERSION = YES;
				CLANG_WARN_COMMA = YES;
				CLANG_WARN_CONSTANT_CONVERSION = YES;
				CLANG_WARN_DEPRECATED_OBJC_IMPLEMENTATIONS = YES;
				CLANG_WARN_DIRECT_OBJC_ISA_USAGE = YES_ERROR;
				CLANG_WARN_DOCUMENTATION_COMMENTS = YES;
				CLANG_WARN_EMPTY_BODY = YES;
				CLANG_WARN_ENUM_CONVERSION = YES;
				CLANG_WARN_INFINITE_RECURSION = YES;
				CLANG_WARN_INT_CONVERSION = YES;
				CLANG_WARN_NON_LITERAL_NULL_CONVERSION = YES;
				CLANG_WARN_OBJC_IMPLICIT_RETAIN_SELF = YES;
				CLANG_WARN_OBJC_LITERAL_CONVERSION = YES;
				CLANG_WARN_OBJC_ROOT_CLASS = YES_ERROR;
				CLANG_WARN_QUOTED_INCLUDE_IN_FRAMEWORK_HEADER = YES;
				CLANG_WARN_RANGE_LOOP_ANALYSIS = YES;
				CLANG_WARN_STRICT_PROTOTYPES = YES;
				CLANG_WARN_SUSPICIOUS_MOVE = YES;
				CLANG_WARN_UNGUARDED_AVAILABILITY = YES_AGGRESSIVE;
				CLANG_WARN_UNREACHABLE_CODE = YES;
				CLANG_WARN__DUPLICATE_METHOD_MATCH = YES;
				COPY_PHASE_STRIP = NO;
				DEBUG_INFORMATION_FORMAT = dwarf;
				ENABLE_STRICT_OBJC_MSGSEND = YES;
				ENABLE_TESTABILITY = YES;
				GCC_C_LANGUAGE_STANDARD = gnu11;
				GCC_DYNAMIC_NO_PIC = NO;
				GCC_NO_COMMON_BLOCKS = YES;
				GCC_OPTIMIZATION_LEVEL = 0;
				GCC_PREPROCESSOR_DEFINITIONS = (
					"DEBUG=1",
					"$(inherited)",
				);
				GCC_WARN_64_TO_32_BIT_CONVERSION = YES;
				GCC_WARN_ABOUT_RETURN_TYPE = YES_ERROR;
				GCC_WARN_UNDECLARED_SELECTOR = YES;
				GCC_WARN_UNINITIALIZED_AUTOS = YES_AGGRESSIVE;
				GCC_WARN_UNUSED_FUNCTION = YES;
				GCC_WARN_UNUSED_VARIABLE = YES;
				IPHONEOS_DEPLOYMENT_TARGET = 14.3;
				MTL_ENABLE_DEBUG_INFO = INCLUDE_SOURCE;
				MTL_FAST_MATH = YES;
				ONLY_ACTIVE_ARCH = YES;
				SDKROOT = iphoneos;
				SWIFT_ACTIVE_COMPILATION_CONDITIONS = DEBUG;
				SWIFT_OPTIMIZATION_LEVEL = "-Onone";
			};
			name = Debug;
		};
		60A17B4D25A22AF9005EB670 /* Release */ = {
			isa = XCBuildConfiguration;
			buildSettings = {
				ALWAYS_SEARCH_USER_PATHS = NO;
				CLANG_ANALYZER_NONNULL = YES;
				CLANG_ANALYZER_NUMBER_OBJECT_CONVERSION = YES_AGGRESSIVE;
				CLANG_CXX_LANGUAGE_STANDARD = "gnu++14";
				CLANG_CXX_LIBRARY = "libc++";
				CLANG_ENABLE_MODULES = YES;
				CLANG_ENABLE_OBJC_ARC = YES;
				CLANG_ENABLE_OBJC_WEAK = YES;
				CLANG_WARN_BLOCK_CAPTURE_AUTORELEASING = YES;
				CLANG_WARN_BOOL_CONVERSION = YES;
				CLANG_WARN_COMMA = YES;
				CLANG_WARN_CONSTANT_CONVERSION = YES;
				CLANG_WARN_DEPRECATED_OBJC_IMPLEMENTATIONS = YES;
				CLANG_WARN_DIRECT_OBJC_ISA_USAGE = YES_ERROR;
				CLANG_WARN_DOCUMENTATION_COMMENTS = YES;
				CLANG_WARN_EMPTY_BODY = YES;
				CLANG_WARN_ENUM_CONVERSION = YES;
				CLANG_WARN_INFINITE_RECURSION = YES;
				CLANG_WARN_INT_CONVERSION = YES;
				CLANG_WARN_NON_LITERAL_NULL_CONVERSION = YES;
				CLANG_WARN_OBJC_IMPLICIT_RETAIN_SELF = YES;
				CLANG_WARN_OBJC_LITERAL_CONVERSION = YES;
				CLANG_WARN_OBJC_ROOT_CLASS = YES_ERROR;
				CLANG_WARN_QUOTED_INCLUDE_IN_FRAMEWORK_HEADER = YES;
				CLANG_WARN_RANGE_LOOP_ANALYSIS = YES;
				CLANG_WARN_STRICT_PROTOTYPES = YES;
				CLANG_WARN_SUSPICIOUS_MOVE = YES;
				CLANG_WARN_UNGUARDED_AVAILABILITY = YES_AGGRESSIVE;
				CLANG_WARN_UNREACHABLE_CODE = YES;
				CLANG_WARN__DUPLICATE_METHOD_MATCH = YES;
				COPY_PHASE_STRIP = NO;
				DEBUG_INFORMATION_FORMAT = "dwarf-with-dsym";
				ENABLE_NS_ASSERTIONS = NO;
				ENABLE_STRICT_OBJC_MSGSEND = YES;
				GCC_C_LANGUAGE_STANDARD = gnu11;
				GCC_NO_COMMON_BLOCKS = YES;
				GCC_WARN_64_TO_32_BIT_CONVERSION = YES;
				GCC_WARN_ABOUT_RETURN_TYPE = YES_ERROR;
				GCC_WARN_UNDECLARED_SELECTOR = YES;
				GCC_WARN_UNINITIALIZED_AUTOS = YES_AGGRESSIVE;
				GCC_WARN_UNUSED_FUNCTION = YES;
				GCC_WARN_UNUSED_VARIABLE = YES;
				IPHONEOS_DEPLOYMENT_TARGET = 14.3;
				MTL_ENABLE_DEBUG_INFO = NO;
				MTL_FAST_MATH = YES;
				SDKROOT = iphoneos;
				SWIFT_COMPILATION_MODE = wholemodule;
				SWIFT_OPTIMIZATION_LEVEL = "-O";
				VALIDATE_PRODUCT = YES;
			};
			name = Release;
		};
		60A17B4F25A22AF9005EB670 /* Debug */ = {
			isa = XCBuildConfiguration;
			buildSettings = {
				ASSETCATALOG_COMPILER_APPICON_NAME = AppIcon;
				ASSETCATALOG_COMPILER_GLOBAL_ACCENT_COLOR_NAME = AccentColor;
				CODE_SIGN_STYLE = Automatic;
				DEVELOPMENT_TEAM = W7QXB9ZV96;
				INFOPLIST_FILE = BitonicSortWithMetal/Info.plist;
				LD_RUNPATH_SEARCH_PATHS = (
					"$(inherited)",
					"@executable_path/Frameworks",
				);
				PRODUCT_BUNDLE_IDENTIFIER = example.tayamaok.BitonicSortWithMetal;
				PRODUCT_NAME = "$(TARGET_NAME)";
				SWIFT_VERSION = 5.0;
				TARGETED_DEVICE_FAMILY = "1,2";
			};
			name = Debug;
		};
		60A17B5025A22AF9005EB670 /* Release */ = {
			isa = XCBuildConfiguration;
			buildSettings = {
				ASSETCATALOG_COMPILER_APPICON_NAME = AppIcon;
				ASSETCATALOG_COMPILER_GLOBAL_ACCENT_COLOR_NAME = AccentColor;
				CODE_SIGN_STYLE = Automatic;
				DEVELOPMENT_TEAM = W7QXB9ZV96;
				INFOPLIST_FILE = BitonicSortWithMetal/Info.plist;
				LD_RUNPATH_SEARCH_PATHS = (
					"$(inherited)",
					"@executable_path/Frameworks",
				);
				PRODUCT_BUNDLE_IDENTIFIER = example.tayamaok.BitonicSortWithMetal;
				PRODUCT_NAME = "$(TARGET_NAME)";
				SWIFT_VERSION = 5.0;
				TARGETED_DEVICE_FAMILY = "1,2";
			};
			name = Release;
		};
/* End XCBuildConfiguration section */

/* Begin XCConfigurationList section */
		606241E125A293EE00E0B7C7 /* Build configuration list for PBXNativeTarget "BitonicSortWithMetalOnMac" */ = {
			isa = XCConfigurationList;
			buildConfigurations = (
				606241DF25A293EE00E0B7C7 /* Debug */,
				606241E025A293EE00E0B7C7 /* Release */,
			);
			defaultConfigurationIsVisible = 0;
			defaultConfigurationName = Release;
		};
		60A17B3525A22AF8005EB670 /* Build configuration list for PBXProject "BitonicSortWithMetal" */ = {
			isa = XCConfigurationList;
			buildConfigurations = (
				60A17B4C25A22AF9005EB670 /* Debug */,
				60A17B4D25A22AF9005EB670 /* Release */,
			);
			defaultConfigurationIsVisible = 0;
			defaultConfigurationName = Release;
		};
		60A17B4E25A22AF9005EB670 /* Build configuration list for PBXNativeTarget "BitonicSortWithMetal" */ = {
			isa = XCConfigurationList;
			buildConfigurations = (
				60A17B4F25A22AF9005EB670 /* Debug */,
				60A17B5025A22AF9005EB670 /* Release */,
			);
			defaultConfigurationIsVisible = 0;
			defaultConfigurationName = Release;
		};
/* End XCConfigurationList section */
	};
	rootObject = 60A17B3225A22AF8005EB670 /* Project object */;
}
